
Microsoft Visual Studio Solution File, Format Version 12.00
# Visual Studio Version 16
VisualStudioVersion = 16.0.30503.244
MinimumVisualStudioVersion = 10.0.40219.1
Project("{FAE04EC0-301F-11D3-BF4B-00C04F79EFBC}") = "DBConnectivity", "DBConnectivity\DBConnectivity.csproj", "{9DBA52E6-071B-4F67-BB88-CDC974B3AD85}"
EndProject
Global
	GlobalSection(SolutionConfigurationPlatforms) = preSolution
		Debug|Any CPU = Debug|Any CPU
		Release|Any CPU = Release|Any CPU
	EndGlobalSection
	GlobalSection(ProjectConfigurationPlatforms) = postSolution
		{9DBA52E6-071B-4F67-BB88-CDC974B3AD85}.Debug|Any CPU.ActiveCfg = Debug|Any CPU
		{9DBA52E6-071B-4F67-BB88-CDC974B3AD85}.Debug|Any CPU.Build.0 = Debug|Any CPU
		{9DBA52E6-071B-4F67-BB88-CDC974B3AD85}.Release|Any CPU.ActiveCfg = Release|Any CPU
		{9DBA52E6-071B-4F67-BB88-CDC974B3AD85}.Release|Any CPU.Build.0 = Release|Any CPU
	EndGlobalSection
	GlobalSection(SolutionProperties) = preSolution
		HideSolutionNode = FALSE
	EndGlobalSection
	GlobalSection(ExtensibilityGlobals) = postSolution
		SolutionGuid = {D78B2691-A286-4AEF-9EC8-A868A0B0A10F}
	EndGlobalSection
EndGlobal
